
Microsoft Visual Studio Solution File, Format Version 12.00
# Visual Studio Version 16
VisualStudioVersion = 16.0.31702.278
MinimumVisualStudioVersion = 10.0.40219.1
Project("{FAE04EC0-301F-11D3-BF4B-00C04F79EFBC}") = "Core", "Core\Core.csproj", "{068E347F-E2CB-082E-14E4-804035B883BE}"
EndProject
Project("{FAE04EC0-301F-11D3-BF4B-00C04F79EFBC}") = "PersistOtdrToDb", "PersistOtdrToDb\PersistOtdrToDb.csproj", "{CF7C4497-77F8-068A-244A-717D939CDAF4}"
EndProject
Global
	GlobalSection(SolutionConfigurationPlatforms) = preSolution
		Debug|Any CPU = Debug|Any CPU
		Release|Any CPU = Release|Any CPU
	EndGlobalSection
	GlobalSection(ProjectConfigurationPlatforms) = postSolution
		{068E347F-E2CB-082E-14E4-804035B883BE}.Debug|Any CPU.ActiveCfg = Debug|Any CPU
		{068E347F-E2CB-082E-14E4-804035B883BE}.Debug|Any CPU.Build.0 = Debug|Any CPU
		{068E347F-E2CB-082E-14E4-804035B883BE}.Release|Any CPU.ActiveCfg = Release|Any CPU
		{068E347F-E2CB-082E-14E4-804035B883BE}.Release|Any CPU.Build.0 = Release|Any CPU
		{CF7C4497-77F8-068A-244A-717D939CDAF4}.Debug|Any CPU.ActiveCfg = Debug|Any CPU
		{CF7C4497-77F8-068A-244A-717D939CDAF4}.Debug|Any CPU.Build.0 = Debug|Any CPU
		{CF7C4497-77F8-068A-244A-717D939CDAF4}.Release|Any CPU.ActiveCfg = Release|Any CPU
		{CF7C4497-77F8-068A-244A-717D939CDAF4}.Release|Any CPU.Build.0 = Release|Any CPU
	EndGlobalSection
	GlobalSection(SolutionProperties) = preSolution
		HideSolutionNode = FALSE
	EndGlobalSection
	GlobalSection(ExtensibilityGlobals) = postSolution
		SolutionGuid = {BB3315C4-8A5D-44BE-B7BE-5F380FDFC192}
	EndGlobalSection
EndGlobal
